
Microsoft Visual Studio Solution File, Format Version 12.00
# Visual Studio 15
VisualStudioVersion = 15.0.28010.2016
MinimumVisualStudioVersion = 10.0.40219.1
Project("{FAE04EC0-301F-11D3-BF4B-00C04F79EFBC}") = "Transportation.Test", "Transportation.Test\Transportation.Test.csproj", "{CD5BC220-DB2C-48E4-BBE8-2062A1092430}"
EndProject
Project("{FAE04EC0-301F-11D3-BF4B-00C04F79EFBC}") = "Transportation", "Transportation\Transportation.csproj", "{2F28B3D6-46CF-412E-B03F-BACC230FCBD7}"
EndProject
Project("{FAE04EC0-301F-11D3-BF4B-00C04F79EFBC}") = "Transportation App", "Transportation App\Transportation App.csproj", "{BAAA93B6-ACC9-4F65-B8B2-FE6D2807FBD8}"
EndProject
Global
	GlobalSection(SolutionConfigurationPlatforms) = preSolution
		Debug|Any CPU = Debug|Any CPU
		Release|Any CPU = Release|Any CPU
	EndGlobalSection
	GlobalSection(ProjectConfigurationPlatforms) = postSolution
		{CD5BC220-DB2C-48E4-BBE8-2062A1092430}.Debug|Any CPU.ActiveCfg = Debug|Any CPU
		{CD5BC220-DB2C-48E4-BBE8-2062A1092430}.Debug|Any CPU.Build.0 = Debug|Any CPU
		{CD5BC220-DB2C-48E4-BBE8-2062A1092430}.Release|Any CPU.ActiveCfg = Release|Any CPU
		{CD5BC220-DB2C-48E4-BBE8-2062A1092430}.Release|Any CPU.Build.0 = Release|Any CPU
		{2F28B3D6-46CF-412E-B03F-BACC230FCBD7}.Debug|Any CPU.ActiveCfg = Debug|Any CPU
		{2F28B3D6-46CF-412E-B03F-BACC230FCBD7}.Debug|Any CPU.Build.0 = Debug|Any CPU
		{2F28B3D6-46CF-412E-B03F-BACC230FCBD7}.Release|Any CPU.ActiveCfg = Release|Any CPU
		{2F28B3D6-46CF-412E-B03F-BACC230FCBD7}.Release|Any CPU.Build.0 = Release|Any CPU
		{BAAA93B6-ACC9-4F65-B8B2-FE6D2807FBD8}.Debug|Any CPU.ActiveCfg = Debug|Any CPU
		{BAAA93B6-ACC9-4F65-B8B2-FE6D2807FBD8}.Debug|Any CPU.Build.0 = Debug|Any CPU
		{BAAA93B6-ACC9-4F65-B8B2-FE6D2807FBD8}.Release|Any CPU.ActiveCfg = Release|Any CPU
		{BAAA93B6-ACC9-4F65-B8B2-FE6D2807FBD8}.Release|Any CPU.Build.0 = Release|Any CPU
	EndGlobalSection
	GlobalSection(SolutionProperties) = preSolution
		HideSolutionNode = FALSE
	EndGlobalSection
	GlobalSection(ExtensibilityGlobals) = postSolution
		SolutionGuid = {F1A80B2E-3C11-404F-93CC-05E5CA7847A4}
	EndGlobalSection
EndGlobal
